
Microsoft Visual Studio Solution File, Format Version 12.00
# Visual Studio 14
VisualStudioVersion = 14.0.25420.1
MinimumVisualStudioVersion = 10.0.40219.1
Project("{FAE04EC0-301F-11D3-BF4B-00C04F79EFBC}") = "Brannstrom.AdventOfCode.Day1", "Brannstrom.AdventOfCode.Day1\Brannstrom.AdventOfCode.Day1.csproj", "{07A084B8-05BB-46F4-816B-0FFB03FAC8FC}"
EndProject
Project("{FAE04EC0-301F-11D3-BF4B-00C04F79EFBC}") = "Brannstrom.AdventOfCode.Day2", "Brannstrom.AdventOfCode.Day2\Brannstrom.AdventOfCode.Day2.csproj", "{8AC6234F-6E48-44A3-A76E-1A2956C2E517}"
EndProject
Project("{FAE04EC0-301F-11D3-BF4B-00C04F79EFBC}") = "Brannstrom.AdventOfCode.Day3", "Brannstrom.AdventOfCode.Day3\Brannstrom.AdventOfCode.Day3.csproj", "{CA476B2C-BE67-4C11-A356-82BAD1CF1631}"
EndProject
Project("{FAE04EC0-301F-11D3-BF4B-00C04F79EFBC}") = "Brannstrom.AdventOfCode.Day4", "Brannstrom.AdventOfCode.Day4\Brannstrom.AdventOfCode.Day4.csproj", "{2EE37A50-3793-4843-BCF4-86F2A7CC6F6A}"
EndProject
Project("{FAE04EC0-301F-11D3-BF4B-00C04F79EFBC}") = "Brannstrom.AdventOfCode.Day5", "Brannstrom.AdventOfCode.Day5\Brannstrom.AdventOfCode.Day5.csproj", "{7076D6F2-FD73-4811-849B-1221EB5D175D}"
EndProject
Project("{FAE04EC0-301F-11D3-BF4B-00C04F79EFBC}") = "Brannstrom.AdventOfCode.Day6", "Brannstrom.AdventOfCode.Day6\Brannstrom.AdventOfCode.Day6.csproj", "{C468EA5E-D2F7-4C94-9F47-2EB46FD34837}"
EndProject
Project("{FAE04EC0-301F-11D3-BF4B-00C04F79EFBC}") = "Brannstrom.AdventOfCode.Day7", "Brannstrom.AdventOfCode.Day7\Brannstrom.AdventOfCode.Day7.csproj", "{DCB8D884-C2C3-4C2D-B5D4-02102A7F6AA9}"
EndProject
Project("{FAE04EC0-301F-11D3-BF4B-00C04F79EFBC}") = "Brannstrom.AdventOfCode.Day8", "Brannstrom.AdventOfCode.Day8\Brannstrom.AdventOfCode.Day8.csproj", "{803C9643-9A5C-4B39-8C94-76D9F33C08A1}"
EndProject
Project("{FAE04EC0-301F-11D3-BF4B-00C04F79EFBC}") = "Brannstrom.AdventOfCode.Day9", "Brannstrom.AdventOfCode.Day9\Brannstrom.AdventOfCode.Day9.csproj", "{4BCD8B13-F42C-46EC-B06B-EEFC9542DDA0}"
EndProject
Project("{FAE04EC0-301F-11D3-BF4B-00C04F79EFBC}") = "Brannstrom.AdventOfCode.Day10", "Brannstrom.AdventOfCode.Day10\Brannstrom.AdventOfCode.Day10.csproj", "{6F235EEA-B9AD-4AA1-9D58-3DB643F106BA}"
EndProject
Project("{FAE04EC0-301F-11D3-BF4B-00C04F79EFBC}") = "Brannstrom.AdventOfCode.Day11", "Brannstrom.AdventOfCode.Day11\Brannstrom.AdventOfCode.Day11.csproj", "{17AE036E-4C3D-489A-9AA1-8677FD954020}"
EndProject
Project("{FAE04EC0-301F-11D3-BF4B-00C04F79EFBC}") = "Brannstrom.AdventOfCode.Day12", "Brannstrom.AdventOfCode.Day12\Brannstrom.AdventOfCode.Day12.csproj", "{3556216F-DAC6-430B-A953-EE47C6688C00}"
EndProject
Project("{FAE04EC0-301F-11D3-BF4B-00C04F79EFBC}") = "Brannstrom.AdventOfCode.Day13", "Brannstrom.AdventOfCode.Day13\Brannstrom.AdventOfCode.Day13.csproj", "{FD3A84C6-403C-40F5-88B0-91B64DA5269F}"
EndProject
Project("{FAE04EC0-301F-11D3-BF4B-00C04F79EFBC}") = "Brannstrom.AdventOfCode.Day14", "Brannstrom.AdventOfCode.Day14\Brannstrom.AdventOfCode.Day14.csproj", "{1C5E28EF-EAE4-4870-99F8-066B971D7C44}"
EndProject
Project("{FAE04EC0-301F-11D3-BF4B-00C04F79EFBC}") = "Brannstrom.AdventOfCode.Day15", "Brannstrom.AdventOfCode.Day15\Brannstrom.AdventOfCode.Day15.csproj", "{C16C1F8D-0443-4D5C-A8AD-0B557DF4319E}"
EndProject
Project("{FAE04EC0-301F-11D3-BF4B-00C04F79EFBC}") = "Brannstrom.AdventOfCode.Day16", "Brannstrom.AdventOfCode.Day16\Brannstrom.AdventOfCode.Day16.csproj", "{36696E90-E625-4D57-B701-B4B77E456E0C}"
EndProject
Project("{FAE04EC0-301F-11D3-BF4B-00C04F79EFBC}") = "Brannstrom.AdventOfCode.Day17", "Brannstrom.AdventOfCode.Day17\Brannstrom.AdventOfCode.Day17.csproj", "{24594E0E-0B79-4106-8DF3-D5159315028E}"
EndProject
Project("{FAE04EC0-301F-11D3-BF4B-00C04F79EFBC}") = "Brannstrom.AdventOfCode.Day18", "Brannstrom.AdventOfCode.Day18\Brannstrom.AdventOfCode.Day18.csproj", "{8A66BA7C-2D9A-40B9-9ED6-5C12CF4CD4AF}"
EndProject
Global
	GlobalSection(SolutionConfigurationPlatforms) = preSolution
		Debug|Any CPU = Debug|Any CPU
		Release|Any CPU = Release|Any CPU
	EndGlobalSection
	GlobalSection(ProjectConfigurationPlatforms) = postSolution
		{07A084B8-05BB-46F4-816B-0FFB03FAC8FC}.Debug|Any CPU.ActiveCfg = Debug|Any CPU
		{07A084B8-05BB-46F4-816B-0FFB03FAC8FC}.Debug|Any CPU.Build.0 = Debug|Any CPU
		{07A084B8-05BB-46F4-816B-0FFB03FAC8FC}.Release|Any CPU.ActiveCfg = Release|Any CPU
		{07A084B8-05BB-46F4-816B-0FFB03FAC8FC}.Release|Any CPU.Build.0 = Release|Any CPU
		{8AC6234F-6E48-44A3-A76E-1A2956C2E517}.Debug|Any CPU.ActiveCfg = Debug|Any CPU
		{8AC6234F-6E48-44A3-A76E-1A2956C2E517}.Debug|Any CPU.Build.0 = Debug|Any CPU
		{8AC6234F-6E48-44A3-A76E-1A2956C2E517}.Release|Any CPU.ActiveCfg = Release|Any CPU
		{8AC6234F-6E48-44A3-A76E-1A2956C2E517}.Release|Any CPU.Build.0 = Release|Any CPU
		{CA476B2C-BE67-4C11-A356-82BAD1CF1631}.Debug|Any CPU.ActiveCfg = Debug|Any CPU
		{CA476B2C-BE67-4C11-A356-82BAD1CF1631}.Debug|Any CPU.Build.0 = Debug|Any CPU
		{CA476B2C-BE67-4C11-A356-82BAD1CF1631}.Release|Any CPU.ActiveCfg = Release|Any CPU
		{CA476B2C-BE67-4C11-A356-82BAD1CF1631}.Release|Any CPU.Build.0 = Release|Any CPU
		{2EE37A50-3793-4843-BCF4-86F2A7CC6F6A}.Debug|Any CPU.ActiveCfg = Debug|Any CPU
		{2EE37A50-3793-4843-BCF4-86F2A7CC6F6A}.Debug|Any CPU.Build.0 = Debug|Any CPU
		{2EE37A50-3793-4843-BCF4-86F2A7CC6F6A}.Release|Any CPU.ActiveCfg = Release|Any CPU
		{2EE37A50-3793-4843-BCF4-86F2A7CC6F6A}.Release|Any CPU.Build.0 = Release|Any CPU
		{7076D6F2-FD73-4811-849B-1221EB5D175D}.Debug|Any CPU.ActiveCfg = Debug|Any CPU
		{7076D6F2-FD73-4811-849B-1221EB5D175D}.Debug|Any CPU.Build.0 = Debug|Any CPU
		{7076D6F2-FD73-4811-849B-1221EB5D175D}.Release|Any CPU.ActiveCfg = Release|Any CPU
		{7076D6F2-FD73-4811-849B-1221EB5D175D}.Release|Any CPU.Build.0 = Release|Any CPU
		{C468EA5E-D2F7-4C94-9F47-2EB46FD34837}.Debug|Any CPU.ActiveCfg = Debug|Any CPU
		{C468EA5E-D2F7-4C94-9F47-2EB46FD34837}.Debug|Any CPU.Build.0 = Debug|Any CPU
		{C468EA5E-D2F7-4C94-9F47-2EB46FD34837}.Release|Any CPU.ActiveCfg = Release|Any CPU
		{C468EA5E-D2F7-4C94-9F47-2EB46FD34837}.Release|Any CPU.Build.0 = Release|Any CPU
		{DCB8D884-C2C3-4C2D-B5D4-02102A7F6AA9}.Debug|Any CPU.ActiveCfg = Debug|Any CPU
		{DCB8D884-C2C3-4C2D-B5D4-02102A7F6AA9}.Debug|Any CPU.Build.0 = Debug|Any CPU
		{DCB8D884-C2C3-4C2D-B5D4-02102A7F6AA9}.Release|Any CPU.ActiveCfg = Release|Any CPU
		{DCB8D884-C2C3-4C2D-B5D4-02102A7F6AA9}.Release|Any CPU.Build.0 = Release|Any CPU
		{803C9643-9A5C-4B39-8C94-76D9F33C08A1}.Debug|Any CPU.ActiveCfg = Debug|Any CPU
		{803C9643-9A5C-4B39-8C94-76D9F33C08A1}.Debug|Any CPU.Build.0 = Debug|Any CPU
		{803C9643-9A5C-4B39-8C94-76D9F33C08A1}.Release|Any CPU.ActiveCfg = Release|Any CPU
		{803C9643-9A5C-4B39-8C94-76D9F33C08A1}.Release|Any CPU.Build.0 = Release|Any CPU
		{4BCD8B13-F42C-46EC-B06B-EEFC9542DDA0}.Debug|Any CPU.ActiveCfg = Debug|Any CPU
		{4BCD8B13-F42C-46EC-B06B-EEFC9542DDA0}.Debug|Any CPU.Build.0 = Debug|Any CPU
		{4BCD8B13-F42C-46EC-B06B-EEFC9542DDA0}.Release|Any CPU.ActiveCfg = Release|Any CPU
		{4BCD8B13-F42C-46EC-B06B-EEFC9542DDA0}.Release|Any CPU.Build.0 = Release|Any CPU
		{6F235EEA-B9AD-4AA1-9D58-3DB643F106BA}.Debug|Any CPU.ActiveCfg = Debug|Any CPU
		{6F235EEA-B9AD-4AA1-9D58-3DB643F106BA}.Debug|Any CPU.Build.0 = Debug|Any CPU
		{6F235EEA-B9AD-4AA1-9D58-3DB643F106BA}.Release|Any CPU.ActiveCfg = Release|Any CPU
		{6F235EEA-B9AD-4AA1-9D58-3DB643F106BA}.Release|Any CPU.Build.0 = Release|Any CPU
		{17AE036E-4C3D-489A-9AA1-8677FD954020}.Debug|Any CPU.ActiveCfg = Debug|Any CPU
		{17AE036E-4C3D-489A-9AA1-8677FD954020}.Debug|Any CPU.Build.0 = Debug|Any CPU
		{17AE036E-4C3D-489A-9AA1-8677FD954020}.Release|Any CPU.ActiveCfg = Release|Any CPU
		{17AE036E-4C3D-489A-9AA1-8677FD954020}.Release|Any CPU.Build.0 = Release|Any CPU
		{3556216F-DAC6-430B-A953-EE47C6688C00}.Debug|Any CPU.ActiveCfg = Debug|Any CPU
		{3556216F-DAC6-430B-A953-EE47C6688C00}.Debug|Any CPU.Build.0 = Debug|Any CPU
		{3556216F-DAC6-430B-A953-EE47C6688C00}.Release|Any CPU.ActiveCfg = Release|Any CPU
		{3556216F-DAC6-430B-A953-EE47C6688C00}.Release|Any CPU.Build.0 = Release|Any CPU
		{FD3A84C6-403C-40F5-88B0-91B64DA5269F}.Debug|Any CPU.ActiveCfg = Debug|Any CPU
		{FD3A84C6-403C-40F5-88B0-91B64DA5269F}.Debug|Any CPU.Build.0 = Debug|Any CPU
		{FD3A84C6-403C-40F5-88B0-91B64DA5269F}.Release|Any CPU.ActiveCfg = Release|Any CPU
		{FD3A84C6-403C-40F5-88B0-91B64DA5269F}.Release|Any CPU.Build.0 = Release|Any CPU
		{1C5E28EF-EAE4-4870-99F8-066B971D7C44}.Debug|Any CPU.ActiveCfg = Debug|Any CPU
		{1C5E28EF-EAE4-4870-99F8-066B971D7C44}.Debug|Any CPU.Build.0 = Debug|Any CPU
		{1C5E28EF-EAE4-4870-99F8-066B971D7C44}.Release|Any CPU.ActiveCfg = Release|Any CPU
		{1C5E28EF-EAE4-4870-99F8-066B971D7C44}.Release|Any CPU.Build.0 = Release|Any CPU
		{C16C1F8D-0443-4D5C-A8AD-0B557DF4319E}.Debug|Any CPU.ActiveCfg = Debug|Any CPU
		{C16C1F8D-0443-4D5C-A8AD-0B557DF4319E}.Debug|Any CPU.Build.0 = Debug|Any CPU
		{C16C1F8D-0443-4D5C-A8AD-0B557DF4319E}.Release|Any CPU.ActiveCfg = Release|Any CPU
		{C16C1F8D-0443-4D5C-A8AD-0B557DF4319E}.Release|Any CPU.Build.0 = Release|Any CPU
		{36696E90-E625-4D57-B701-B4B77E456E0C}.Debug|Any CPU.ActiveCfg = Debug|Any CPU
		{36696E90-E625-4D57-B701-B4B77E456E0C}.Debug|Any CPU.Build.0 = Debug|Any CPU
		{36696E90-E625-4D57-B701-B4B77E456E0C}.Release|Any CPU.ActiveCfg = Release|Any CPU
		{36696E90-E625-4D57-B701-B4B77E456E0C}.Release|Any CPU.Build.0 = Release|Any CPU
		{24594E0E-0B79-4106-8DF3-D5159315028E}.Debug|Any CPU.ActiveCfg = Debug|Any CPU
		{24594E0E-0B79-4106-8DF3-D5159315028E}.Debug|Any CPU.Build.0 = Debug|Any CPU
		{24594E0E-0B79-4106-8DF3-D5159315028E}.Release|Any CPU.ActiveCfg = Release|Any CPU
		{24594E0E-0B79-4106-8DF3-D5159315028E}.Release|Any CPU.Build.0 = Release|Any CPU
		{8A66BA7C-2D9A-40B9-9ED6-5C12CF4CD4AF}.Debug|Any CPU.ActiveCfg = Debug|Any CPU
		{8A66BA7C-2D9A-40B9-9ED6-5C12CF4CD4AF}.Debug|Any CPU.Build.0 = Debug|Any CPU
		{8A66BA7C-2D9A-40B9-9ED6-5C12CF4CD4AF}.Release|Any CPU.ActiveCfg = Release|Any CPU
		{8A66BA7C-2D9A-40B9-9ED6-5C12CF4CD4AF}.Release|Any CPU.Build.0 = Release|Any CPU
	EndGlobalSection
	GlobalSection(SolutionProperties) = preSolution
		HideSolutionNode = FALSE
	EndGlobalSection
EndGlobal
