
Microsoft Visual Studio Solution File, Format Version 12.00
# Visual Studio 15
VisualStudioVersion = 15.0.28307.136
MinimumVisualStudioVersion = 10.0.40219.1
Project("{FAE04EC0-301F-11D3-BF4B-00C04F79EFBC}") = "Brannstrom.AdventOfCode.Day1", "Brannstrom.AdventOfCode.Day1\Brannstrom.AdventOfCode.Day1.csproj", "{1545BB4E-AD7D-4A78-A93A-8F492B2E19DB}"
EndProject
Project("{FAE04EC0-301F-11D3-BF4B-00C04F79EFBC}") = "Brannstrom.AdventOfCode.Day2", "Brannstrom.AdventOfCode.Day2\Brannstrom.AdventOfCode.Day2.csproj", "{EFD0AFF0-7EA1-427A-94F8-41EBEB47001A}"
EndProject
Project("{FAE04EC0-301F-11D3-BF4B-00C04F79EFBC}") = "Brannstrom.AdventOfCode.Day3", "Brannstrom.AdventOfCode.Day3\Brannstrom.AdventOfCode.Day3.csproj", "{839B4977-F4FE-442D-B324-DD8FB9C77D25}"
EndProject
Project("{FAE04EC0-301F-11D3-BF4B-00C04F79EFBC}") = "Brannstrom.AdventOfCode.Day4", "Brannstrom.AdventOfCode.Day4\Brannstrom.AdventOfCode.Day4.csproj", "{428395A5-D06F-4B06-A6A0-197345361BB6}"
EndProject
Project("{FAE04EC0-301F-11D3-BF4B-00C04F79EFBC}") = "Brannstrom.AdventOfCode.Day5", "Brannstrom.AdventOfCode.Day5\Brannstrom.AdventOfCode.Day5.csproj", "{A7625B5C-F6FA-45E5-B149-5A5A661713D0}"
EndProject
Project("{FAE04EC0-301F-11D3-BF4B-00C04F79EFBC}") = "Brannstrom.AdventOfCode.Day6", "Brannstrom.AdventOfCode.Day6\Brannstrom.AdventOfCode.Day6.csproj", "{A695BC51-7824-4A39-A94D-2F6F70F7F4E5}"
EndProject
Project("{FAE04EC0-301F-11D3-BF4B-00C04F79EFBC}") = "Brannstrom.AdventOfCode.Day7", "Brannstrom.AdventOfCode.Day7\Brannstrom.AdventOfCode.Day7.csproj", "{94A1F180-DB02-429B-91DD-54C21C88CEEA}"
EndProject
Project("{FAE04EC0-301F-11D3-BF4B-00C04F79EFBC}") = "Brannstrom.AdventOfCode.Day8", "Brannstrom.AdventOfCode.Day8\Brannstrom.AdventOfCode.Day8.csproj", "{D411CCE3-E14C-43D9-A235-C907456A22EB}"
EndProject
Project("{FAE04EC0-301F-11D3-BF4B-00C04F79EFBC}") = "Brannstrom.AdventOfCode.Day9", "Brannstrom.AdventOfCode.Day9\Brannstrom.AdventOfCode.Day9.csproj", "{9E6E6B5A-3ABD-4700-80DD-D0B4D85D8AC5}"
EndProject
Project("{FAE04EC0-301F-11D3-BF4B-00C04F79EFBC}") = "Brannstrom.AdventOfCode.Day10", "Brannstrom.AdventOfCode.Day10\Brannstrom.AdventOfCode.Day10.csproj", "{0FF14BC4-6571-4F14-9471-7FD21537DF9A}"
EndProject
Project("{FAE04EC0-301F-11D3-BF4B-00C04F79EFBC}") = "Brannstrom.AdventOfCode.Day11", "Brannstrom.AdventOfCode.Day11\Brannstrom.AdventOfCode.Day11.csproj", "{973BA1F9-8201-40EA-A014-EBA55F987334}"
EndProject
Project("{FAE04EC0-301F-11D3-BF4B-00C04F79EFBC}") = "Brannstrom.AdventOfCode.Day12", "Brannstrom.AdventOfCode.Day12\Brannstrom.AdventOfCode.Day12.csproj", "{A9AD0D05-46BF-45E0-9B9B-379BC91D5D5A}"
EndProject
Global
	GlobalSection(SolutionConfigurationPlatforms) = preSolution
		Debug|Any CPU = Debug|Any CPU
		Release|Any CPU = Release|Any CPU
	EndGlobalSection
	GlobalSection(ProjectConfigurationPlatforms) = postSolution
		{1545BB4E-AD7D-4A78-A93A-8F492B2E19DB}.Debug|Any CPU.ActiveCfg = Debug|Any CPU
		{1545BB4E-AD7D-4A78-A93A-8F492B2E19DB}.Debug|Any CPU.Build.0 = Debug|Any CPU
		{1545BB4E-AD7D-4A78-A93A-8F492B2E19DB}.Release|Any CPU.ActiveCfg = Release|Any CPU
		{1545BB4E-AD7D-4A78-A93A-8F492B2E19DB}.Release|Any CPU.Build.0 = Release|Any CPU
		{EFD0AFF0-7EA1-427A-94F8-41EBEB47001A}.Debug|Any CPU.ActiveCfg = Debug|Any CPU
		{EFD0AFF0-7EA1-427A-94F8-41EBEB47001A}.Debug|Any CPU.Build.0 = Debug|Any CPU
		{EFD0AFF0-7EA1-427A-94F8-41EBEB47001A}.Release|Any CPU.ActiveCfg = Release|Any CPU
		{EFD0AFF0-7EA1-427A-94F8-41EBEB47001A}.Release|Any CPU.Build.0 = Release|Any CPU
		{839B4977-F4FE-442D-B324-DD8FB9C77D25}.Debug|Any CPU.ActiveCfg = Debug|Any CPU
		{839B4977-F4FE-442D-B324-DD8FB9C77D25}.Debug|Any CPU.Build.0 = Debug|Any CPU
		{839B4977-F4FE-442D-B324-DD8FB9C77D25}.Release|Any CPU.ActiveCfg = Release|Any CPU
		{839B4977-F4FE-442D-B324-DD8FB9C77D25}.Release|Any CPU.Build.0 = Release|Any CPU
		{428395A5-D06F-4B06-A6A0-197345361BB6}.Debug|Any CPU.ActiveCfg = Debug|Any CPU
		{428395A5-D06F-4B06-A6A0-197345361BB6}.Debug|Any CPU.Build.0 = Debug|Any CPU
		{428395A5-D06F-4B06-A6A0-197345361BB6}.Release|Any CPU.ActiveCfg = Release|Any CPU
		{428395A5-D06F-4B06-A6A0-197345361BB6}.Release|Any CPU.Build.0 = Release|Any CPU
		{A7625B5C-F6FA-45E5-B149-5A5A661713D0}.Debug|Any CPU.ActiveCfg = Debug|Any CPU
		{A7625B5C-F6FA-45E5-B149-5A5A661713D0}.Debug|Any CPU.Build.0 = Debug|Any CPU
		{A7625B5C-F6FA-45E5-B149-5A5A661713D0}.Release|Any CPU.ActiveCfg = Release|Any CPU
		{A7625B5C-F6FA-45E5-B149-5A5A661713D0}.Release|Any CPU.Build.0 = Release|Any CPU
		{A695BC51-7824-4A39-A94D-2F6F70F7F4E5}.Debug|Any CPU.ActiveCfg = Debug|Any CPU
		{A695BC51-7824-4A39-A94D-2F6F70F7F4E5}.Debug|Any CPU.Build.0 = Debug|Any CPU
		{A695BC51-7824-4A39-A94D-2F6F70F7F4E5}.Release|Any CPU.ActiveCfg = Release|Any CPU
		{A695BC51-7824-4A39-A94D-2F6F70F7F4E5}.Release|Any CPU.Build.0 = Release|Any CPU
		{94A1F180-DB02-429B-91DD-54C21C88CEEA}.Debug|Any CPU.ActiveCfg = Debug|Any CPU
		{94A1F180-DB02-429B-91DD-54C21C88CEEA}.Debug|Any CPU.Build.0 = Debug|Any CPU
		{94A1F180-DB02-429B-91DD-54C21C88CEEA}.Release|Any CPU.ActiveCfg = Release|Any CPU
		{94A1F180-DB02-429B-91DD-54C21C88CEEA}.Release|Any CPU.Build.0 = Release|Any CPU
		{D411CCE3-E14C-43D9-A235-C907456A22EB}.Debug|Any CPU.ActiveCfg = Debug|Any CPU
		{D411CCE3-E14C-43D9-A235-C907456A22EB}.Debug|Any CPU.Build.0 = Debug|Any CPU
		{D411CCE3-E14C-43D9-A235-C907456A22EB}.Release|Any CPU.ActiveCfg = Release|Any CPU
		{D411CCE3-E14C-43D9-A235-C907456A22EB}.Release|Any CPU.Build.0 = Release|Any CPU
		{9E6E6B5A-3ABD-4700-80DD-D0B4D85D8AC5}.Debug|Any CPU.ActiveCfg = Debug|Any CPU
		{9E6E6B5A-3ABD-4700-80DD-D0B4D85D8AC5}.Debug|Any CPU.Build.0 = Debug|Any CPU
		{9E6E6B5A-3ABD-4700-80DD-D0B4D85D8AC5}.Release|Any CPU.ActiveCfg = Release|Any CPU
		{9E6E6B5A-3ABD-4700-80DD-D0B4D85D8AC5}.Release|Any CPU.Build.0 = Release|Any CPU
		{0FF14BC4-6571-4F14-9471-7FD21537DF9A}.Debug|Any CPU.ActiveCfg = Debug|Any CPU
		{0FF14BC4-6571-4F14-9471-7FD21537DF9A}.Debug|Any CPU.Build.0 = Debug|Any CPU
		{0FF14BC4-6571-4F14-9471-7FD21537DF9A}.Release|Any CPU.ActiveCfg = Release|Any CPU
		{0FF14BC4-6571-4F14-9471-7FD21537DF9A}.Release|Any CPU.Build.0 = Release|Any CPU
		{973BA1F9-8201-40EA-A014-EBA55F987334}.Debug|Any CPU.ActiveCfg = Debug|Any CPU
		{973BA1F9-8201-40EA-A014-EBA55F987334}.Debug|Any CPU.Build.0 = Debug|Any CPU
		{973BA1F9-8201-40EA-A014-EBA55F987334}.Release|Any CPU.ActiveCfg = Release|Any CPU
		{973BA1F9-8201-40EA-A014-EBA55F987334}.Release|Any CPU.Build.0 = Release|Any CPU
		{A9AD0D05-46BF-45E0-9B9B-379BC91D5D5A}.Debug|Any CPU.ActiveCfg = Debug|Any CPU
		{A9AD0D05-46BF-45E0-9B9B-379BC91D5D5A}.Debug|Any CPU.Build.0 = Debug|Any CPU
		{A9AD0D05-46BF-45E0-9B9B-379BC91D5D5A}.Release|Any CPU.ActiveCfg = Release|Any CPU
		{A9AD0D05-46BF-45E0-9B9B-379BC91D5D5A}.Release|Any CPU.Build.0 = Release|Any CPU
	EndGlobalSection
	GlobalSection(SolutionProperties) = preSolution
		HideSolutionNode = FALSE
	EndGlobalSection
	GlobalSection(ExtensibilityGlobals) = postSolution
		SolutionGuid = {C42BF92F-661C-4B23-968A-F2C6D9AF5D5F}
	EndGlobalSection
EndGlobal
