
Microsoft Visual Studio Solution File, Format Version 12.00
# Visual Studio 15
VisualStudioVersion = 15.0.27004.2009
MinimumVisualStudioVersion = 10.0.40219.1
Project("{FAE04EC0-301F-11D3-BF4B-00C04F79EFBC}") = "Brannstrom.AdventOfCode.Day1", "Brannstrom.AdventOfCode.Day1\Brannstrom.AdventOfCode.Day1.csproj", "{61F3F221-417B-4AF6-B00C-99561660A8FB}"
EndProject
Project("{FAE04EC0-301F-11D3-BF4B-00C04F79EFBC}") = "Brannstrom.AdventOfCode.Day2", "Brannstrom.AdventOfCode.Day2\Brannstrom.AdventOfCode.Day2.csproj", "{0BDC1443-1E4B-4327-8307-7CE3C036326E}"
EndProject
Project("{FAE04EC0-301F-11D3-BF4B-00C04F79EFBC}") = "Brannstrom.AdventOfCode.Day3", "Brannstrom.AdventOfCode.Day3\Brannstrom.AdventOfCode.Day3.csproj", "{5157CAC6-ADFB-4DF9-A1FB-A60586B7F1D9}"
EndProject
Project("{FAE04EC0-301F-11D3-BF4B-00C04F79EFBC}") = "Brannstrom.AdventOfCode.Day4", "Brannstrom.AdventOfCode.Day4\Brannstrom.AdventOfCode.Day4.csproj", "{C86CD9A3-D491-4C1E-BE9C-94451B7E8432}"
EndProject
Project("{FAE04EC0-301F-11D3-BF4B-00C04F79EFBC}") = "Brannstrom.AdventOfCode.Day5", "Brannstrom.AdventOfCode.Day5\Brannstrom.AdventOfCode.Day5.csproj", "{8A5C039F-D90F-4938-A17E-2C24924B7D24}"
EndProject
Project("{FAE04EC0-301F-11D3-BF4B-00C04F79EFBC}") = "Brannstrom.AdventOfCode.Day6", "Brannstrom.AdventOfCode.Day6\Brannstrom.AdventOfCode.Day6.csproj", "{1ACD4D4B-7111-4A65-9B98-FA825A2DCF1E}"
EndProject
Project("{FAE04EC0-301F-11D3-BF4B-00C04F79EFBC}") = "Brannstrom.AdventOfCode.Day7", "Brannstrom.AdventOfCode.Day7\Brannstrom.AdventOfCode.Day7.csproj", "{DE958F5A-B2E8-4460-AF59-92603B8974BC}"
EndProject
Project("{FAE04EC0-301F-11D3-BF4B-00C04F79EFBC}") = "Brannstrom.AdventOfCode.Day8", "Brannstrom.AdventOfCode.Day8\Brannstrom.AdventOfCode.Day8.csproj", "{62C1BBD7-28C3-4E74-B89C-620E5FFF7943}"
EndProject
Project("{FAE04EC0-301F-11D3-BF4B-00C04F79EFBC}") = "Brannstrom.AdventOfCode.Day9", "Brannstrom.AdventOfCode.Day9\Brannstrom.AdventOfCode.Day9.csproj", "{3D8AF605-BCCE-4C1C-83DA-B7D163E6CE4F}"
EndProject
Project("{FAE04EC0-301F-11D3-BF4B-00C04F79EFBC}") = "Brannstrom.AdventOfCode.Day10", "Brannstrom.AdventOfCode.Day10\Brannstrom.AdventOfCode.Day10.csproj", "{0CC54898-6DA0-4779-9DF6-728EF201C74A}"
EndProject
Project("{FAE04EC0-301F-11D3-BF4B-00C04F79EFBC}") = "Brannstrom.AdventOfCode.Day11", "Brannstrom.AdventOfCode.Day11\Brannstrom.AdventOfCode.Day11.csproj", "{D3847875-3C22-4FB9-8C3F-90C3DC1A8231}"
EndProject
Project("{FAE04EC0-301F-11D3-BF4B-00C04F79EFBC}") = "Brannstrom.AdventOfCode.Day12", "Brannstrom.AdventOfCode.Day12\Brannstrom.AdventOfCode.Day12.csproj", "{12CAE6F3-0678-4A30-8D6D-0AD0B87B14D0}"
EndProject
Project("{FAE04EC0-301F-11D3-BF4B-00C04F79EFBC}") = "Brannstrom.AdventOfCode.Day13", "Brannstrom.AdventOfCode.Day13\Brannstrom.AdventOfCode.Day13.csproj", "{CA05E48C-34A5-4C8D-899D-36064A79C10D}"
EndProject
Global
	GlobalSection(SolutionConfigurationPlatforms) = preSolution
		Debug|Any CPU = Debug|Any CPU
		Release|Any CPU = Release|Any CPU
	EndGlobalSection
	GlobalSection(ProjectConfigurationPlatforms) = postSolution
		{61F3F221-417B-4AF6-B00C-99561660A8FB}.Debug|Any CPU.ActiveCfg = Debug|Any CPU
		{61F3F221-417B-4AF6-B00C-99561660A8FB}.Debug|Any CPU.Build.0 = Debug|Any CPU
		{61F3F221-417B-4AF6-B00C-99561660A8FB}.Release|Any CPU.ActiveCfg = Release|Any CPU
		{61F3F221-417B-4AF6-B00C-99561660A8FB}.Release|Any CPU.Build.0 = Release|Any CPU
		{0BDC1443-1E4B-4327-8307-7CE3C036326E}.Debug|Any CPU.ActiveCfg = Debug|Any CPU
		{0BDC1443-1E4B-4327-8307-7CE3C036326E}.Debug|Any CPU.Build.0 = Debug|Any CPU
		{0BDC1443-1E4B-4327-8307-7CE3C036326E}.Release|Any CPU.ActiveCfg = Release|Any CPU
		{0BDC1443-1E4B-4327-8307-7CE3C036326E}.Release|Any CPU.Build.0 = Release|Any CPU
		{5157CAC6-ADFB-4DF9-A1FB-A60586B7F1D9}.Debug|Any CPU.ActiveCfg = Debug|Any CPU
		{5157CAC6-ADFB-4DF9-A1FB-A60586B7F1D9}.Debug|Any CPU.Build.0 = Debug|Any CPU
		{5157CAC6-ADFB-4DF9-A1FB-A60586B7F1D9}.Release|Any CPU.ActiveCfg = Release|Any CPU
		{5157CAC6-ADFB-4DF9-A1FB-A60586B7F1D9}.Release|Any CPU.Build.0 = Release|Any CPU
		{C86CD9A3-D491-4C1E-BE9C-94451B7E8432}.Debug|Any CPU.ActiveCfg = Debug|Any CPU
		{C86CD9A3-D491-4C1E-BE9C-94451B7E8432}.Debug|Any CPU.Build.0 = Debug|Any CPU
		{C86CD9A3-D491-4C1E-BE9C-94451B7E8432}.Release|Any CPU.ActiveCfg = Release|Any CPU
		{C86CD9A3-D491-4C1E-BE9C-94451B7E8432}.Release|Any CPU.Build.0 = Release|Any CPU
		{8A5C039F-D90F-4938-A17E-2C24924B7D24}.Debug|Any CPU.ActiveCfg = Debug|Any CPU
		{8A5C039F-D90F-4938-A17E-2C24924B7D24}.Debug|Any CPU.Build.0 = Debug|Any CPU
		{8A5C039F-D90F-4938-A17E-2C24924B7D24}.Release|Any CPU.ActiveCfg = Release|Any CPU
		{8A5C039F-D90F-4938-A17E-2C24924B7D24}.Release|Any CPU.Build.0 = Release|Any CPU
		{1ACD4D4B-7111-4A65-9B98-FA825A2DCF1E}.Debug|Any CPU.ActiveCfg = Debug|Any CPU
		{1ACD4D4B-7111-4A65-9B98-FA825A2DCF1E}.Debug|Any CPU.Build.0 = Debug|Any CPU
		{1ACD4D4B-7111-4A65-9B98-FA825A2DCF1E}.Release|Any CPU.ActiveCfg = Release|Any CPU
		{1ACD4D4B-7111-4A65-9B98-FA825A2DCF1E}.Release|Any CPU.Build.0 = Release|Any CPU
		{DE958F5A-B2E8-4460-AF59-92603B8974BC}.Debug|Any CPU.ActiveCfg = Debug|Any CPU
		{DE958F5A-B2E8-4460-AF59-92603B8974BC}.Debug|Any CPU.Build.0 = Debug|Any CPU
		{DE958F5A-B2E8-4460-AF59-92603B8974BC}.Release|Any CPU.ActiveCfg = Release|Any CPU
		{DE958F5A-B2E8-4460-AF59-92603B8974BC}.Release|Any CPU.Build.0 = Release|Any CPU
		{62C1BBD7-28C3-4E74-B89C-620E5FFF7943}.Debug|Any CPU.ActiveCfg = Debug|Any CPU
		{62C1BBD7-28C3-4E74-B89C-620E5FFF7943}.Debug|Any CPU.Build.0 = Debug|Any CPU
		{62C1BBD7-28C3-4E74-B89C-620E5FFF7943}.Release|Any CPU.ActiveCfg = Release|Any CPU
		{62C1BBD7-28C3-4E74-B89C-620E5FFF7943}.Release|Any CPU.Build.0 = Release|Any CPU
		{3D8AF605-BCCE-4C1C-83DA-B7D163E6CE4F}.Debug|Any CPU.ActiveCfg = Debug|Any CPU
		{3D8AF605-BCCE-4C1C-83DA-B7D163E6CE4F}.Debug|Any CPU.Build.0 = Debug|Any CPU
		{3D8AF605-BCCE-4C1C-83DA-B7D163E6CE4F}.Release|Any CPU.ActiveCfg = Release|Any CPU
		{3D8AF605-BCCE-4C1C-83DA-B7D163E6CE4F}.Release|Any CPU.Build.0 = Release|Any CPU
		{0CC54898-6DA0-4779-9DF6-728EF201C74A}.Debug|Any CPU.ActiveCfg = Debug|Any CPU
		{0CC54898-6DA0-4779-9DF6-728EF201C74A}.Debug|Any CPU.Build.0 = Debug|Any CPU
		{0CC54898-6DA0-4779-9DF6-728EF201C74A}.Release|Any CPU.ActiveCfg = Release|Any CPU
		{0CC54898-6DA0-4779-9DF6-728EF201C74A}.Release|Any CPU.Build.0 = Release|Any CPU
		{D3847875-3C22-4FB9-8C3F-90C3DC1A8231}.Debug|Any CPU.ActiveCfg = Debug|Any CPU
		{D3847875-3C22-4FB9-8C3F-90C3DC1A8231}.Debug|Any CPU.Build.0 = Debug|Any CPU
		{D3847875-3C22-4FB9-8C3F-90C3DC1A8231}.Release|Any CPU.ActiveCfg = Release|Any CPU
		{D3847875-3C22-4FB9-8C3F-90C3DC1A8231}.Release|Any CPU.Build.0 = Release|Any CPU
		{12CAE6F3-0678-4A30-8D6D-0AD0B87B14D0}.Debug|Any CPU.ActiveCfg = Debug|Any CPU
		{12CAE6F3-0678-4A30-8D6D-0AD0B87B14D0}.Debug|Any CPU.Build.0 = Debug|Any CPU
		{12CAE6F3-0678-4A30-8D6D-0AD0B87B14D0}.Release|Any CPU.ActiveCfg = Release|Any CPU
		{12CAE6F3-0678-4A30-8D6D-0AD0B87B14D0}.Release|Any CPU.Build.0 = Release|Any CPU
		{CA05E48C-34A5-4C8D-899D-36064A79C10D}.Debug|Any CPU.ActiveCfg = Debug|Any CPU
		{CA05E48C-34A5-4C8D-899D-36064A79C10D}.Debug|Any CPU.Build.0 = Debug|Any CPU
		{CA05E48C-34A5-4C8D-899D-36064A79C10D}.Release|Any CPU.ActiveCfg = Release|Any CPU
		{CA05E48C-34A5-4C8D-899D-36064A79C10D}.Release|Any CPU.Build.0 = Release|Any CPU
	EndGlobalSection
	GlobalSection(SolutionProperties) = preSolution
		HideSolutionNode = FALSE
	EndGlobalSection
	GlobalSection(ExtensibilityGlobals) = postSolution
		SolutionGuid = {5F84F254-F601-418E-B165-27E3B9710AE1}
	EndGlobalSection
EndGlobal
