
Microsoft Visual Studio Solution File, Format Version 12.00
# Visual Studio 14
VisualStudioVersion = 14.0.23107.0
MinimumVisualStudioVersion = 10.0.40219.1
Project("{FAE04EC0-301F-11D3-BF4B-00C04F79EFBC}") = "Brannstrom.AdventOfCode.Day1", "Brannstrom.AdventOfCode.Day1\Brannstrom.AdventOfCode.Day1.csproj", "{F292D144-7EAD-4367-AA7D-0978FD989B1A}"
EndProject
Project("{FAE04EC0-301F-11D3-BF4B-00C04F79EFBC}") = "Brannstrom.AdventOfCode.Day2", "Brannstrom.AdventOfCode.Day2\Brannstrom.AdventOfCode.Day2.csproj", "{88CE4AC6-7181-4BDA-9ABA-5096A8AE4946}"
EndProject
Project("{FAE04EC0-301F-11D3-BF4B-00C04F79EFBC}") = "Brannstrom.AdventOfCode.Day3", "Brannstrom.AdventOfCode.Day3\Brannstrom.AdventOfCode.Day3.csproj", "{1DBFB1AC-1FD4-4668-A50D-611E6EC9EC5A}"
EndProject
Global
	GlobalSection(SolutionConfigurationPlatforms) = preSolution
		Debug|Any CPU = Debug|Any CPU
		Release|Any CPU = Release|Any CPU
	EndGlobalSection
	GlobalSection(ProjectConfigurationPlatforms) = postSolution
		{F292D144-7EAD-4367-AA7D-0978FD989B1A}.Debug|Any CPU.ActiveCfg = Debug|Any CPU
		{F292D144-7EAD-4367-AA7D-0978FD989B1A}.Debug|Any CPU.Build.0 = Debug|Any CPU
		{F292D144-7EAD-4367-AA7D-0978FD989B1A}.Release|Any CPU.ActiveCfg = Release|Any CPU
		{F292D144-7EAD-4367-AA7D-0978FD989B1A}.Release|Any CPU.Build.0 = Release|Any CPU
		{88CE4AC6-7181-4BDA-9ABA-5096A8AE4946}.Debug|Any CPU.ActiveCfg = Debug|Any CPU
		{88CE4AC6-7181-4BDA-9ABA-5096A8AE4946}.Debug|Any CPU.Build.0 = Debug|Any CPU
		{88CE4AC6-7181-4BDA-9ABA-5096A8AE4946}.Release|Any CPU.ActiveCfg = Release|Any CPU
		{88CE4AC6-7181-4BDA-9ABA-5096A8AE4946}.Release|Any CPU.Build.0 = Release|Any CPU
		{1DBFB1AC-1FD4-4668-A50D-611E6EC9EC5A}.Debug|Any CPU.ActiveCfg = Debug|Any CPU
		{1DBFB1AC-1FD4-4668-A50D-611E6EC9EC5A}.Debug|Any CPU.Build.0 = Debug|Any CPU
		{1DBFB1AC-1FD4-4668-A50D-611E6EC9EC5A}.Release|Any CPU.ActiveCfg = Release|Any CPU
		{1DBFB1AC-1FD4-4668-A50D-611E6EC9EC5A}.Release|Any CPU.Build.0 = Release|Any CPU
	EndGlobalSection
	GlobalSection(SolutionProperties) = preSolution
		HideSolutionNode = FALSE
	EndGlobalSection
EndGlobal
