
Microsoft Visual Studio Solution File, Format Version 12.00
# Visual Studio 14
VisualStudioVersion = 14.0.23107.0
MinimumVisualStudioVersion = 10.0.40219.1
Project("{FAE04EC0-301F-11D3-BF4B-00C04F79EFBC}") = "Brannstrom.AdventOfCode.Day1", "Brannstrom.AdventOfCode.Day1\Brannstrom.AdventOfCode.Day1.csproj", "{F292D144-7EAD-4367-AA7D-0978FD989B1A}"
EndProject
Project("{FAE04EC0-301F-11D3-BF4B-00C04F79EFBC}") = "Brannstrom.AdventOfCode.Day2", "Brannstrom.AdventOfCode.Day2\Brannstrom.AdventOfCode.Day2.csproj", "{88CE4AC6-7181-4BDA-9ABA-5096A8AE4946}"
EndProject
Project("{FAE04EC0-301F-11D3-BF4B-00C04F79EFBC}") = "Brannstrom.AdventOfCode.Day3", "Brannstrom.AdventOfCode.Day3\Brannstrom.AdventOfCode.Day3.csproj", "{1DBFB1AC-1FD4-4668-A50D-611E6EC9EC5A}"
EndProject
Project("{FAE04EC0-301F-11D3-BF4B-00C04F79EFBC}") = "Brannstrom.AdventOfCode.Day4", "Brannstrom.AdventOfCode.Day4\Brannstrom.AdventOfCode.Day4.csproj", "{68F2C337-2667-4718-8CD8-78F93571159B}"
EndProject
Project("{FAE04EC0-301F-11D3-BF4B-00C04F79EFBC}") = "Brannstrom.AdventOfCode.Day5", "Brannstrom.AdventOfCode.Day5\Brannstrom.AdventOfCode.Day5.csproj", "{D39CEEE5-4782-4158-8566-D56AF05879AC}"
EndProject
Project("{FAE04EC0-301F-11D3-BF4B-00C04F79EFBC}") = "Brannstrom.AdventOfCode.Day6", "Brannstrom.AdventOfCode.Day6\Brannstrom.AdventOfCode.Day6.csproj", "{F5E10B00-9422-4F74-81EB-082FC9F4C4A7}"
EndProject
Project("{FAE04EC0-301F-11D3-BF4B-00C04F79EFBC}") = "Brannstrom.AdventOfCode.Day7", "Brannstrom.AdventOfCode.Day7\Brannstrom.AdventOfCode.Day7.csproj", "{22423775-017A-4C66-93F0-E2608F73C3DE}"
EndProject
Project("{FAE04EC0-301F-11D3-BF4B-00C04F79EFBC}") = "Brannstrom.AdventOfCode.Day8", "Brannstrom.AdventOfCode.Day8\Brannstrom.AdventOfCode.Day8.csproj", "{39242363-E70E-4C01-BA39-66D19A961AFF}"
EndProject
Project("{FAE04EC0-301F-11D3-BF4B-00C04F79EFBC}") = "Brannstrom.AdventOfCode.Day9", "Brannstrom.AdventOfCode.Day9\Brannstrom.AdventOfCode.Day9.csproj", "{08A4AB93-79F5-4B5A-BA6A-6E3915983C67}"
EndProject
Project("{FAE04EC0-301F-11D3-BF4B-00C04F79EFBC}") = "Brannstrom.AdventOfCode.Day10", "Brannstrom.AdventOfCode.Day10\Brannstrom.AdventOfCode.Day10.csproj", "{DD947184-697C-401E-96D6-CE9A5EAAFE39}"
EndProject
Project("{FAE04EC0-301F-11D3-BF4B-00C04F79EFBC}") = "Brannstrom.AdventOfCode.Day11", "Brannstrom.AdventOfCode.Day11\Brannstrom.AdventOfCode.Day11.csproj", "{AFDCF16D-90CA-4468-A1E6-BF407400E82F}"
EndProject
Project("{FAE04EC0-301F-11D3-BF4B-00C04F79EFBC}") = "Brannstrom.AdventOfCode.Day12", "Brannstrom.AdventOfCode.Day12\Brannstrom.AdventOfCode.Day12.csproj", "{4803044C-21A0-40F6-AA0C-08BDEDC49753}"
EndProject
Project("{FAE04EC0-301F-11D3-BF4B-00C04F79EFBC}") = "Brannstrom.AdventOfCode.Day13", "Brannstrom.AdventOfCode.Day13\Brannstrom.AdventOfCode.Day13.csproj", "{C43B3A6C-C5A0-40E5-894E-3CA0D0C693DF}"
EndProject
Project("{FAE04EC0-301F-11D3-BF4B-00C04F79EFBC}") = "Brannstrom.AdventOfCode.Day14", "Brannstrom.AdventOfCode.Day14\Brannstrom.AdventOfCode.Day14.csproj", "{457CE70C-113F-4202-ADCE-13098F186E86}"
EndProject
Project("{FAE04EC0-301F-11D3-BF4B-00C04F79EFBC}") = "Brannstrom.AdventOfCode.Day15", "Brannstrom.AdventOfCode.Day15\Brannstrom.AdventOfCode.Day15.csproj", "{E6B24D24-06B2-4201-AA2F-0DE97E87D340}"
EndProject
Project("{FAE04EC0-301F-11D3-BF4B-00C04F79EFBC}") = "Brannstrom.AdventOfCode.Day16", "Brannstrom.AdventOfCode.Day16\Brannstrom.AdventOfCode.Day16.csproj", "{7A48FD20-C9F2-4451-B1F8-A01AC5798F92}"
EndProject
Global
	GlobalSection(SolutionConfigurationPlatforms) = preSolution
		Debug|Any CPU = Debug|Any CPU
		Release|Any CPU = Release|Any CPU
	EndGlobalSection
	GlobalSection(ProjectConfigurationPlatforms) = postSolution
		{F292D144-7EAD-4367-AA7D-0978FD989B1A}.Debug|Any CPU.ActiveCfg = Debug|Any CPU
		{F292D144-7EAD-4367-AA7D-0978FD989B1A}.Debug|Any CPU.Build.0 = Debug|Any CPU
		{F292D144-7EAD-4367-AA7D-0978FD989B1A}.Release|Any CPU.ActiveCfg = Release|Any CPU
		{F292D144-7EAD-4367-AA7D-0978FD989B1A}.Release|Any CPU.Build.0 = Release|Any CPU
		{88CE4AC6-7181-4BDA-9ABA-5096A8AE4946}.Debug|Any CPU.ActiveCfg = Debug|Any CPU
		{88CE4AC6-7181-4BDA-9ABA-5096A8AE4946}.Debug|Any CPU.Build.0 = Debug|Any CPU
		{88CE4AC6-7181-4BDA-9ABA-5096A8AE4946}.Release|Any CPU.ActiveCfg = Release|Any CPU
		{88CE4AC6-7181-4BDA-9ABA-5096A8AE4946}.Release|Any CPU.Build.0 = Release|Any CPU
		{1DBFB1AC-1FD4-4668-A50D-611E6EC9EC5A}.Debug|Any CPU.ActiveCfg = Debug|Any CPU
		{1DBFB1AC-1FD4-4668-A50D-611E6EC9EC5A}.Debug|Any CPU.Build.0 = Debug|Any CPU
		{1DBFB1AC-1FD4-4668-A50D-611E6EC9EC5A}.Release|Any CPU.ActiveCfg = Release|Any CPU
		{1DBFB1AC-1FD4-4668-A50D-611E6EC9EC5A}.Release|Any CPU.Build.0 = Release|Any CPU
		{68F2C337-2667-4718-8CD8-78F93571159B}.Debug|Any CPU.ActiveCfg = Debug|Any CPU
		{68F2C337-2667-4718-8CD8-78F93571159B}.Debug|Any CPU.Build.0 = Debug|Any CPU
		{68F2C337-2667-4718-8CD8-78F93571159B}.Release|Any CPU.ActiveCfg = Release|Any CPU
		{68F2C337-2667-4718-8CD8-78F93571159B}.Release|Any CPU.Build.0 = Release|Any CPU
		{D39CEEE5-4782-4158-8566-D56AF05879AC}.Debug|Any CPU.ActiveCfg = Debug|Any CPU
		{D39CEEE5-4782-4158-8566-D56AF05879AC}.Debug|Any CPU.Build.0 = Debug|Any CPU
		{D39CEEE5-4782-4158-8566-D56AF05879AC}.Release|Any CPU.ActiveCfg = Release|Any CPU
		{D39CEEE5-4782-4158-8566-D56AF05879AC}.Release|Any CPU.Build.0 = Release|Any CPU
		{F5E10B00-9422-4F74-81EB-082FC9F4C4A7}.Debug|Any CPU.ActiveCfg = Debug|Any CPU
		{F5E10B00-9422-4F74-81EB-082FC9F4C4A7}.Debug|Any CPU.Build.0 = Debug|Any CPU
		{F5E10B00-9422-4F74-81EB-082FC9F4C4A7}.Release|Any CPU.ActiveCfg = Release|Any CPU
		{F5E10B00-9422-4F74-81EB-082FC9F4C4A7}.Release|Any CPU.Build.0 = Release|Any CPU
		{22423775-017A-4C66-93F0-E2608F73C3DE}.Debug|Any CPU.ActiveCfg = Debug|Any CPU
		{22423775-017A-4C66-93F0-E2608F73C3DE}.Debug|Any CPU.Build.0 = Debug|Any CPU
		{22423775-017A-4C66-93F0-E2608F73C3DE}.Release|Any CPU.ActiveCfg = Release|Any CPU
		{22423775-017A-4C66-93F0-E2608F73C3DE}.Release|Any CPU.Build.0 = Release|Any CPU
		{39242363-E70E-4C01-BA39-66D19A961AFF}.Debug|Any CPU.ActiveCfg = Debug|Any CPU
		{39242363-E70E-4C01-BA39-66D19A961AFF}.Debug|Any CPU.Build.0 = Debug|Any CPU
		{39242363-E70E-4C01-BA39-66D19A961AFF}.Release|Any CPU.ActiveCfg = Release|Any CPU
		{39242363-E70E-4C01-BA39-66D19A961AFF}.Release|Any CPU.Build.0 = Release|Any CPU
		{08A4AB93-79F5-4B5A-BA6A-6E3915983C67}.Debug|Any CPU.ActiveCfg = Debug|Any CPU
		{08A4AB93-79F5-4B5A-BA6A-6E3915983C67}.Debug|Any CPU.Build.0 = Debug|Any CPU
		{08A4AB93-79F5-4B5A-BA6A-6E3915983C67}.Release|Any CPU.ActiveCfg = Release|Any CPU
		{08A4AB93-79F5-4B5A-BA6A-6E3915983C67}.Release|Any CPU.Build.0 = Release|Any CPU
		{DD947184-697C-401E-96D6-CE9A5EAAFE39}.Debug|Any CPU.ActiveCfg = Debug|Any CPU
		{DD947184-697C-401E-96D6-CE9A5EAAFE39}.Debug|Any CPU.Build.0 = Debug|Any CPU
		{DD947184-697C-401E-96D6-CE9A5EAAFE39}.Release|Any CPU.ActiveCfg = Release|Any CPU
		{DD947184-697C-401E-96D6-CE9A5EAAFE39}.Release|Any CPU.Build.0 = Release|Any CPU
		{AFDCF16D-90CA-4468-A1E6-BF407400E82F}.Debug|Any CPU.ActiveCfg = Debug|Any CPU
		{AFDCF16D-90CA-4468-A1E6-BF407400E82F}.Debug|Any CPU.Build.0 = Debug|Any CPU
		{AFDCF16D-90CA-4468-A1E6-BF407400E82F}.Release|Any CPU.ActiveCfg = Release|Any CPU
		{AFDCF16D-90CA-4468-A1E6-BF407400E82F}.Release|Any CPU.Build.0 = Release|Any CPU
		{4803044C-21A0-40F6-AA0C-08BDEDC49753}.Debug|Any CPU.ActiveCfg = Debug|Any CPU
		{4803044C-21A0-40F6-AA0C-08BDEDC49753}.Debug|Any CPU.Build.0 = Debug|Any CPU
		{4803044C-21A0-40F6-AA0C-08BDEDC49753}.Release|Any CPU.ActiveCfg = Release|Any CPU
		{4803044C-21A0-40F6-AA0C-08BDEDC49753}.Release|Any CPU.Build.0 = Release|Any CPU
		{C43B3A6C-C5A0-40E5-894E-3CA0D0C693DF}.Debug|Any CPU.ActiveCfg = Debug|Any CPU
		{C43B3A6C-C5A0-40E5-894E-3CA0D0C693DF}.Debug|Any CPU.Build.0 = Debug|Any CPU
		{C43B3A6C-C5A0-40E5-894E-3CA0D0C693DF}.Release|Any CPU.ActiveCfg = Release|Any CPU
		{C43B3A6C-C5A0-40E5-894E-3CA0D0C693DF}.Release|Any CPU.Build.0 = Release|Any CPU
		{457CE70C-113F-4202-ADCE-13098F186E86}.Debug|Any CPU.ActiveCfg = Debug|Any CPU
		{457CE70C-113F-4202-ADCE-13098F186E86}.Debug|Any CPU.Build.0 = Debug|Any CPU
		{457CE70C-113F-4202-ADCE-13098F186E86}.Release|Any CPU.ActiveCfg = Release|Any CPU
		{457CE70C-113F-4202-ADCE-13098F186E86}.Release|Any CPU.Build.0 = Release|Any CPU
		{E6B24D24-06B2-4201-AA2F-0DE97E87D340}.Debug|Any CPU.ActiveCfg = Debug|Any CPU
		{E6B24D24-06B2-4201-AA2F-0DE97E87D340}.Debug|Any CPU.Build.0 = Debug|Any CPU
		{E6B24D24-06B2-4201-AA2F-0DE97E87D340}.Release|Any CPU.ActiveCfg = Release|Any CPU
		{E6B24D24-06B2-4201-AA2F-0DE97E87D340}.Release|Any CPU.Build.0 = Release|Any CPU
		{7A48FD20-C9F2-4451-B1F8-A01AC5798F92}.Debug|Any CPU.ActiveCfg = Debug|Any CPU
		{7A48FD20-C9F2-4451-B1F8-A01AC5798F92}.Debug|Any CPU.Build.0 = Debug|Any CPU
		{7A48FD20-C9F2-4451-B1F8-A01AC5798F92}.Release|Any CPU.ActiveCfg = Release|Any CPU
		{7A48FD20-C9F2-4451-B1F8-A01AC5798F92}.Release|Any CPU.Build.0 = Release|Any CPU
	EndGlobalSection
	GlobalSection(SolutionProperties) = preSolution
		HideSolutionNode = FALSE
	EndGlobalSection
EndGlobal
